github.com/aws/aws-sdk-go-v2 v1.36.0 h1:b1wM5CcE65Ujwn565qcwgtOTT1aT4ADOHHgglKjG7fk=
github.com/aws/aws-sdk-go-v2 v1.36.0/go.mod h1:5PMILGVKiW32oDzjj6RU52yrNrDPUHcbZQYr1sM7qmM=
github.com/aws/aws-sdk-go-v2/aws/protocol/eventstream v1.6.7 h1:lL7IfaFzngfx0ZwUGOZdsFFnQ5uLvR0hWqqhyE7Q9M8=
github.com/aws/aws-sdk-go-v2/aws/protocol/eventstream v1.6.7/go.mod h1:QraP0UcVlQJsmHfioCrveWOC1nbiWUl3ej08h4mXWoc=
github.com/aws/aws-sdk-go-v2/config v1.29.1 h1:JZhGawAyZ/EuJeBtbQYnaoftczcb2drR2Iq36Wgz4sQ=
github.com/aws/aws-sdk-go-v2/config v1.29.1/go.mod h1:7bR2YD5euaxBhzt2y/oDkt3uNRb6tjFp98GlTFueRwk=
github.com/aws/aws-sdk-go-v2/credentials v1.17.54 h1:4UmqeOqJPvdvASZWrKlhzpRahAulBfyTJQUaYy4+hEI=
github.com/aws/aws-sdk-go-v2/credentials v1.17.54/go.mod h1:RTdfo0P0hbbTxIhmQrOsC/PquBZGabEPnCaxxKRPSnI=
github.com/aws/aws-sdk-go-v2/feature/ec2/imds v1.16.24 h1:5grmdTdMsovn9kPZPI23Hhvp0ZyNm5cRO+IZFIYiAfw=
github.com/aws/aws-sdk-go-v2/feature/ec2/imds v1.16.24/go.mod h1:zqi7TVKTswH3Ozq28PkmBmgzG1tona7mo9G2IJg4Cis=
github.com/aws/aws-sdk-go-v2/internal/configsources v1.3.31 h1:lWm9ucLSRFiI4dQQafLrEOmEDGry3Swrz0BIRdiHJqQ=
github.com/aws/aws-sdk-go-v2/internal/configsources v1.3.31/go.mod h1:Huu6GG0YTfbPphQkDSo4dEGmQRTKb9k9G7RdtyQWxuI=
github.com/aws/aws-sdk-go-v2/internal/endpoints/v2 v2.6.31 h1:ACxDklUKKXb48+eg5ROZXi1vDgfMyfIA/WyvqHcHI0o=
github.com/aws/aws-sdk-go-v2/internal/endpoints/v2 v2.6.31/go.mod h1:yadnfsDwqXeVaohbGc/RaD287PuyRw2wugkh5ZL2J6k=
github.com/aws/aws-sdk-go-v2/internal/ini v1.8.1 h1:VaRN3TlFdd6KxX1x3ILT5ynH6HvKgqdiXoTxAF4HQcQ=
github.com/aws/aws-sdk-go-v2/internal/ini v1.8.1/go.mod h1:FbtygfRFze9usAadmnGJNc8KsP346kEe+y2/oyhGAGc=
github.com/aws/aws-sdk-go-v2/internal/v4a v1.3.28 h1:7kpeALOUeThs2kEjlAxlADAVfxKmkYAedlpZ3kdoSJ4=
github.com/aws/aws-sdk-go-v2/internal/v4a v1.3.28/go.mod h1:pyaOYEdp1MJWgtXLy6q80r3DhsVdOIOZNB9hdTcJIvI=
github.com/aws/aws-sdk-go-v2/service/internal/accept-encoding v1.12.1 h1:iXtILhvDxB6kPvEXgsDhGaZCSC6LQET5ZHSdJozeI0Y=
github.com/aws/aws-sdk-go-v2/service/internal/accept-encoding v1.12.1/go.mod h1:9nu0fVANtYiAePIBh2/pFUSwtJ402hLnp854CNoDOeE=
github.com/aws/aws-sdk-go-v2/service/internal/checksum v1.5.2 h1:e6um6+DWYQP1XCa+E9YVtG/9v1qk5lyAOelMOVwSyO8=
github.com/aws/aws-sdk-go-v2/service/internal/checksum v1.5.2/go.mod h1:dIW8puxSbYLSPv/ju0d9A3CpwXdtqvJtYKDMVmPLOWE=
github.com/aws/aws-sdk-go-v2/service/internal/presigned-url v1.12.9 h1:TQmKDyETFGiXVhZfQ/I0cCFziqqX58pi4tKJGYGFSz0=
github.com/aws/aws-sdk-go-v2/service/internal/presigned-url v1.12.9/go.mod h1:HVLPK2iHQBUx7HfZeOQSEu3v2ubZaAY2YPbAm5/WUyY=
github.com/aws/aws-sdk-go-v2/service/internal/s3shared v1.18.9 h1:2aInXbh02XsbO0KobPGMNXyv2QP73VDKsWPNJARj/+4=
github.com/aws/aws-sdk-go-v2/service/internal/s3shared v1.18.9/go.mod h1:dgXS1i+HgWnYkPXqNoPIPKeUsUUYHaUbThC90aDnNiE=
github.com/aws/aws-sdk-go-v2/service/s3 v1.73.2 h1:F3h8VYq9ZLBXYurmwrT8W0SPhgCcU0q+0WZJfT1dFt0=
github.com/aws/aws-sdk-go-v2/service/s3 v1.73.2/go.mod h1:jGJ/v7FIi7Ys9t54tmEFnrxuaWeJLpwNgKp2DXAVhOU=
github.com/aws/aws-sdk-go-v2/service/s3tables v1.1.1 h1:wMxtyauNEXnjKyRg0IfewmrgGELg52qMuO2PN/WzxnE=
github.com/aws/aws-sdk-go-v2/service/s3tables v1.1.1/go.mod h1:3uyQpJXMLxrHVHsPPyYeKm+RhM0pUP+vwlPUhX6g0ZA=
github.com/aws/aws-sdk-go-v2/service/sso v1.24.11 h1:kuIyu4fTT38Kj7YCC7ouNbVZSSpqkZ+LzIfhCr6Dg+I=
github.com/aws/aws-sdk-go-v2/service/sso v1.24.11/go.mod h1:Ro744S4fKiCCuZECXgOi760TiYylUM8ZBf6OGiZzJtY=
github.com/aws/aws-sdk-go-v2/service/ssooidc v1.28.10 h1:l+dgv/64iVlQ3WsBbnn+JSbkj01jIi+SM0wYsj3y/hY=
github.com/aws/aws-sdk-go-v2/service/ssooidc v1.28.10/go.mod h1:Fzsj6lZEb8AkTE5S68OhcbBqeWPsR8RnGuKPr8Todl8=
github.com/aws/aws-sdk-go-v2/service/sts v1.33.9 h1:BRVDbewN6VZcwr+FBOszDKvYeXY1kJ+GGMCcpghlw0U=
github.com/aws/aws-sdk-go-v2/service/sts v1.33.9/go.mod h1:f6vjfZER1M17Fokn0IzssOTMT2N8ZSq+7jnNF0tArvw=
github.com/aws/smithy-go v1.22.2 h1:6D9hW43xKFrRx/tXXfAlIZc4JI+yQe6snnWcQyxSyLQ=
github.com/aws/smithy-go v1.22.2/go.mod h1:irrKGvNn1InZwb2d7fkIRNucdfwR8R+Ts3wxYa/cJHg=
github.com/aymanbagabas/go-osc52/v2 v2.0.1 h1:HwpRHbFMcZLEVr42D4p7XBqjyuxQH5SMiErDT4WkJ2k=
github.com/aymanbagabas/go-osc52/v2 v2.0.1/go.mod h1:uYgXzlJ7ZpABp8OJ+exZzJJhRNQ2ASbcXHWsFqH8hp8=
github.com/charmbracelet/bubbletea v1.1.1 h1:KJ2/DnmpfqFtDNVTvYZ6zpPFL9iRCRr0qqKOCvppbPY=
github.com/charmbracelet/bubbletea v1.1.1/go.mod h1:9Ogk0HrdbHolIKHdjfFpyXJmiCzGwy+FesYkZr7hYU4=
github.com/charmbracelet/lipgloss v0.13.0 h1:4X3PPeoWEDCMvzDvGmTajSyYPcZM4+y8sCA/SsA3cjw=
github.com/charmbracelet/lipgloss v0.13.0/go.mod h1:nw4zy0SBX/F/eAO1cWdcvy6qnkDUxr8Lw7dvFrAIbbY=
github.com/charmbracelet/x/ansi v0.2.3 h1:VfFN0NUpcjBRd4DnKfRaIRo53KRgey/nhOoEqosGDEY=
github.com/charmbracelet/x/ansi v0.2.3/go.mod h1:dk73KoMTT5AX5BsX0KrqhsTqAnhZZoCBjs7dGWp4Ktw=
github.com/charmbracelet/x/term v0.2.0 h1:cNB9Ot9q8I711MyZ7myUR5HFWL/lc3OpU8jZ4hwm0x0=
github.com/charmbracelet/x/term v0.2.0/go.mod h1:GVxgxAbjUrmpvIINHIQnJJKpMlHiZ4cktEQCN6GWyF0=
github.com/coreos/go-systemd/v22 v22.5.0/go.mod h1:Y58oyj3AT4RCenI/lSvhwexgC+NSVTIJ3seZv2GcEnc=
github.com/cpuguy83/go-md2man/v2 v2.0.4 h1:wfIWP927BUkWJb2NmU/kNDYIBTh/ziUX91+lVfRxZq4=
github.com/cpuguy83/go-md2man/v2 v2.0.4/go.mod h1:tgQtvFlXSQOSOSIRvRPT7W67SCa46tRHOmNcaadrF8o=
github.com/creack/pty v1.1.9/go.mod h1:oKZEueFk5CKHvIhNR5MUki03XCEU+Q6VDXinZuGJ33E=
github.com/davecgh/go-spew v1.1.1 h1:vj9j/u1bqnvCEfJOwUhtlOARqs3+rkHYY13jYWTU97c=
github.com/davecgh/go-spew v1.1.1/go.mod h1:J7Y8YcW2NihsgmVo/mv3lAwl/skON4iLHjSsI+c5H38=
github.com/erikgeiser/coninput v0.0.0-20211004153227-1c3628e74d0f h1:Y/CXytFA4m6baUTXGLOoWe4PQhGxaX0KpnayAqC48p4=
github.com/erikgeiser/coninput v0.0.0-20211004153227-1c3628e74d0f/go.mod h1:vw97MGsxSvLiUE2X8qFplwetxpGLQrlU1Q9AUEIzCaM=
github.com/fatih/color v1.18.0 h1:S8gINlzdQ840/4pfAwic/ZE0djQEH3wM94VfqLTZcOM=
github.com/fatih/color v1.18.0/go.mod h1:4FelSpRwEGDpQ12mAdzqdOukCy4u8WUtOY6lkT/6HfU=
github.com/godbus/dbus/v5 v5.0.4/go.mod h1:xhWf0FNVPg57R7Z0UbKHbJfkEywrmjJnf7w5xrFpKfA=
github.com/kr/pretty v0.1.0 h1:L/CwN0zerZDmRFUapSPitk6f+Q3+0za1rQkzVuMiMFI=
github.com/kr/pretty v0.1.0/go.mod h1:dAy3ld7l9f0ibDNOQOHHMYYIIbhfbHSm3C4ZsoJORNo=
github.com/kr/text v0.2.0 h1:5Nx0Ya0ZqY2ygV366QzturHI13Jq95ApcVaJBhpS+AY=
github.com/kr/text v0.2.0/go.mod h1:eLer722TekiGuMkidMxC/pM04lWEeraHUUmBw8l2grE=
github.com/lucasb-eyer/go-colorful v1.2.0 h1:1nnpGOrhyZZuNyfu1QjKiUICQ74+3FNCN69Aj6K7nkY=
github.com/lucasb-eyer/go-colorful v1.2.0/go.mod h1:R4dSotOR9KMtayYi1e77YzuveK+i7ruzyGqttikkLy0=
github.com/mattn/go-colorable v0.1.13 h1:fFA4WZxdEF4tXPZVKMLwD8oUnCTTo08duU7wxecdEvA=
github.com/mattn/go-colorable v0.1.13/go.mod h1:7S9/ev0klgBDR4GtXTXX8a3vIGJpMovkB8vQcUbaXHg=
github.com/mattn/go-isatty v0.0.16/go.mod h1:kYGgaQfpe5nmfYZH+SKPsOc2e4SrIfOl2e/yFXSvRLM=
github.com/mattn/go-isatty v0.0.19/go.mod h1:W+V8PltTTMOvKvAeJH7IuucS94S2C6jfK/D7dTCTo3Y=
github.com/mattn/go-isatty v0.0.20 h1:xfD0iDuEKnDkl03q4limB+vH+GxLEtL/jb4xVJSWWEY=
github.com/mattn/go-isatty v0.0.20/go.mod h1:W+V8PltTTMOvKvAeJH7IuucS94S2C6jfK/D7dTCTo3Y=
github.com/mattn/go-localereader v0.0.1 h1:ygSAOl7ZXTx4RdPYinUpg6W99U8jWvWi9Ye2JC/oIi4=
github.com/mattn/go-localereader v0.0.1/go.mod h1:8fBrzywKY7BI3czFoHkuzRoWE9C+EiG4R1k4Cjx5p88=
github.com/mattn/go-runewidth v0.0.15 h1:UNAjwbU9l54TA3KzvqLGxwWjHmMgBUVhBiTjelZgg3U=
github.com/mattn/go-runewidth v0.0.15/go.mod h1:Jdepj2loyihRzMpdS35Xk/zdY8IAYHsh153qUoGf23w=
github.com/muesli/ansi v0.0.0-20230316100256-276c6243b2f6 h1:ZK8zHtRHOkbHy6Mmr5D264iyp3TiX5OmNcI5cIARiQI=
github.com/muesli/ansi v0.0.0-20230316100256-276c6243b2f6/go.mod h1:CJlz5H+gyd6CUWT45Oy4q24RdLyn7Md9Vj2/ldJBSIo=
github.com/muesli/cancelreader v0.2.2 h1:3I4Kt4BQjOR54NavqnDogx/MIoWBFa0StPA8ELUXHmA=
github.com/muesli/cancelreader v0.2.2/go.mod h1:3XuTXfFS2VjM+HTLZY9Ak0l6eUKfijIfMUZ4EgX0QYo=
github.com/muesli/termenv v0.15.2 h1:GohcuySI0QmI3wN8Ok9PtKGkgkFIk7y6Vpb5PvrY+Wo=
github.com/muesli/termenv v0.15.2/go.mod h1:Epx+iuz8sNs7mNKhxzH4fWXGNpZwUaJKRS1noLXviQ8=
github.com/pkg/errors v0.9.1/go.mod h1:bwawxfHBFNV+L2hUp1rHADufV3IMtnDRdf1r5NINEl0=
github.com/pmezard/go-difflib v1.0.0 h1:4DBwDE0NGyQoBHbLQYPwSUPoCMWR5BEzIk/f1lZbAQM=
github.com/pmezard/go-difflib v1.0.0/go.mod h1:iKH77koFhYxTK1pcRnkKkqfTogsbg7gZNVY4sRDYZ/4=
github.com/rivo/uniseg v0.2.0/go.mod h1:J6wj4VEh+S6ZtnVlnTBMWIodfgj8LQOQFoIToxlJtxc=
github.com/rivo/uniseg v0.4.7 h1:WUdvkW8uEhrYfLC4ZzdpI2ztxP1I582+49Oc5Mq64VQ=
github.com/rivo/uniseg v0.4.7/go.mod h1:FN3SvrM+Zdj16jyLfmOkMNblXMcoc8DfTHruCPUcx88=
github.com/rs/xid v1.5.0/go.mod h1:trrq9SKmegXys3aeAKXMUTdJsYXVwGY3RLcfgqegfbg=
github.com/rs/zerolog v1.33.0 h1:1cU2KZkvPxNyfgEmhHAz/1A9Bz+llsdYzklWFzgp0r8=
github.com/rs/zerolog v1.33.0/go.mod h1:/7mN4D5sKwJLZQ2b/znpjC3/GQWY/xaDXUM0kKWRHss=
github.com/russross/blackfriday/v2 v2.1.0 h1:JIOH55/0cWyOuilr9/qlrm0BSXldqnqwMsf35Ld67mk=
github.com/russross/blackfriday/v2 v2.1.0/go.mod h1:+Rmxgy9KzJVeS9/2gXHxylqXiyQDYRxCVz55jmeOWTM=
github.com/stretchr/testify v1.10.0 h1:Xv5erBjTwe/5IxqUQTdXv5kgmIvbHo3QQyRwhJsOfJA=
github.com/stretchr/testify v1.10.0/go.mod h1:r2ic/lqez/lEtzL7wO/rwa5dbSLXVDPFyf8C91i36aY=
github.com/urfave/cli/v2 v2.27.4 h1:o1owoI+02Eb+K107p27wEX9Bb8eqIoZCfLXloLUSWJ8=
github.com/urfave/cli/v2 v2.27.4/go.mod h1:m4QzxcD2qpra4z7WhzEGn74WZLViBnMpb1ToCAKdGRQ=
github.com/xrash/smetrics v0.0.0-20240521201337-686a1a2994c1 h1:gEOO8jv9F4OT7lGCjxCBTO/36wtF6j2nSip77qHd4x4=
github.com/xrash/smetrics v0.0.0-20240521201337-686a1a2994c1/go.mod h1:Ohn+xnUBiLI6FVj/9LpzZWtj1/D6lUovWYBkxHVV3aM=
go.uber.org/goleak v1.3.0 h1:2K3zAYmnTNqV73imy9J1T3WC+gmCePx2hEGkimedGto=
go.uber.org/goleak v1.3.0/go.mod h1:CoHD4mav9JJNrW/WLlf7HGZPjdw8EucARQHekz1X6bE=
go.uber.org/mock v0.4.0 h1:VcM4ZOtdbR4f6VXfiOpwpVJDL6lCReaZ6mw31wqh7KU=
go.uber.org/mock v0.4.0/go.mod h1:a6FSlNadKUHUa9IP5Vyt1zh4fC7uAwxMutEAscFbkZc=
golang.org/x/sync v0.13.0 h1:AauUjRAJ9OSnvULf/ARrrVywoJDy0YS2AwQ98I37610=
golang.org/x/sync v0.13.0/go.mod h1:1dzgHSNfp02xaA81J2MS99Qcpr2w7fw1gpm99rleRqA=
golang.org/x/sys v0.0.0-20210809222454-d867a43fc93e/go.mod h1:oPkhp1MJrh7nUepCBck5+mAzfO9JrbApNNgaTdGDITg=
golang.org/x/sys v0.0.0-20220811171246-fbc7d0a398ab/go.mod h1:oPkhp1MJrh7nUepCBck5+mAzfO9JrbApNNgaTdGDITg=
golang.org/x/sys v0.6.0/go.mod h1:oPkhp1MJrh7nUepCBck5+mAzfO9JrbApNNgaTdGDITg=
golang.org/x/sys v0.12.0/go.mod h1:oPkhp1MJrh7nUepCBck5+mAzfO9JrbApNNgaTdGDITg=
golang.org/x/sys v0.25.0 h1:r+8e+loiHxRqhXVl6ML1nO3l1+oFoWbnlu2Ehimmi34=
golang.org/x/sys v0.25.0/go.mod h1:/VUhepiaJMQUp4+oa/7Zr1D23ma6VTLIYjOOTFZPUcA=
golang.org/x/text v0.13.0 h1:ablQoSUd0tRdKxZewP80B+BaqeKJuVhuRxj/dkrun3k=
golang.org/x/text v0.13.0/go.mod h1:TvPlkZtksWOMsz7fbANvkp4WM8x/WCo/om8BMLbz+aE=
gopkg.in/check.v1 v0.0.0-20161208181325-20d25e280405/go.mod h1:Co6ibVJAznAaIkqp8huTwlJQCZ016jof/cbN4VW5Yz0=
gopkg.in/check.v1 v1.0.0-20180628173108-788fd7840127 h1:qIbj1fsPNlZgppZ+VLlY7N33q108Sa+fhmuc+sWQYwY=
gopkg.in/check.v1 v1.0.0-20180628173108-788fd7840127/go.mod h1:Co6ibVJAznAaIkqp8huTwlJQCZ016jof/cbN4VW5Yz0=
gopkg.in/yaml.v3 v3.0.1 h1:fxVm/GzAzEWqLHuvctI91KS9hhNmmWOoWu0XTYJS7CA=
gopkg.in/yaml.v3 v3.0.1/go.mod h1:K4uyk7z7BCEPqu6E+C64Yfv1cQ7kz7rIZviUmN+EgEM=
